
Microsoft Visual Studio Solution File, Format Version 12.00
# Visual Studio Version 17
VisualStudioVersion = 17.8.34525.116
MinimumVisualStudioVersion = 10.0.40219.1
Project("{9A19103F-16F7-4668-BE54-9A1E7A4F7556}") = "Workaround", "Workaround\Workaround.csproj", "{C8D496DA-ECF2-45DC-BC01-23B3156189F6}"
EndProject
Project("{FAE04EC0-301F-11D3-BF4B-00C04F79EFBC}") = "Entities", "Entities\Entities.csproj", "{34D5805E-A7D8-4225-AB90-24456E1C8D80}"
EndProject
Project("{FAE04EC0-301F-11D3-BF4B-00C04F79EFBC}") = "Business", "Business\Business.csproj", "{54C73FB7-8256-4FC8-A293-D239920F23FB}"
EndProject
Global
	GlobalSection(SolutionConfigurationPlatforms) = preSolution
		Debug|Any CPU = Debug|Any CPU
		Release|Any CPU = Release|Any CPU
	EndGlobalSection
	GlobalSection(ProjectConfigurationPlatforms) = postSolution
		{C8D496DA-ECF2-45DC-BC01-23B3156189F6}.Debug|Any CPU.ActiveCfg = Debug|Any CPU
		{C8D496DA-ECF2-45DC-BC01-23B3156189F6}.Debug|Any CPU.Build.0 = Debug|Any CPU
		{C8D496DA-ECF2-45DC-BC01-23B3156189F6}.Release|Any CPU.ActiveCfg = Release|Any CPU
		{C8D496DA-ECF2-45DC-BC01-23B3156189F6}.Release|Any CPU.Build.0 = Release|Any CPU
		{34D5805E-A7D8-4225-AB90-24456E1C8D80}.Debug|Any CPU.ActiveCfg = Debug|Any CPU
		{34D5805E-A7D8-4225-AB90-24456E1C8D80}.Debug|Any CPU.Build.0 = Debug|Any CPU
		{34D5805E-A7D8-4225-AB90-24456E1C8D80}.Release|Any CPU.ActiveCfg = Release|Any CPU
		{34D5805E-A7D8-4225-AB90-24456E1C8D80}.Release|Any CPU.Build.0 = Release|Any CPU
		{54C73FB7-8256-4FC8-A293-D239920F23FB}.Debug|Any CPU.ActiveCfg = Debug|Any CPU
		{54C73FB7-8256-4FC8-A293-D239920F23FB}.Debug|Any CPU.Build.0 = Debug|Any CPU
		{54C73FB7-8256-4FC8-A293-D239920F23FB}.Release|Any CPU.ActiveCfg = Release|Any CPU
		{54C73FB7-8256-4FC8-A293-D239920F23FB}.Release|Any CPU.Build.0 = Release|Any CPU
	EndGlobalSection
	GlobalSection(SolutionProperties) = preSolution
		HideSolutionNode = FALSE
	EndGlobalSection
	GlobalSection(ExtensibilityGlobals) = postSolution
		SolutionGuid = {C8C36C43-FCFC-4BD6-95BD-F7802F9FB128}
	EndGlobalSection
EndGlobal
